
Microsoft Visual Studio Solution File, Format Version 12.00
Project("{FAE04EC0-301F-11D3-BF4B-00C04F79EFBC}") = "DotnetAssignment1", "DotnetAssignment1\DotnetAssignment1.csproj", "{5FE123B9-B0EE-4514-8DD9-1C5817341B45}"
EndProject
Global
	GlobalSection(SolutionConfigurationPlatforms) = preSolution
		Debug|Any CPU = Debug|Any CPU
		Release|Any CPU = Release|Any CPU
	EndGlobalSection
	GlobalSection(ProjectConfigurationPlatforms) = postSolution
		{5FE123B9-B0EE-4514-8DD9-1C5817341B45}.Debug|Any CPU.ActiveCfg = Debug|Any CPU
		{5FE123B9-B0EE-4514-8DD9-1C5817341B45}.Debug|Any CPU.Build.0 = Debug|Any CPU
		{5FE123B9-B0EE-4514-8DD9-1C5817341B45}.Release|Any CPU.ActiveCfg = Release|Any CPU
		{5FE123B9-B0EE-4514-8DD9-1C5817341B45}.Release|Any CPU.Build.0 = Release|Any CPU
	EndGlobalSection
EndGlobal
